
Microsoft Visual Studio Solution File, Format Version 12.00
Project("{FAE04EC0-301F-11D3-BF4B-00C04F79EFBC}") = "Plus or minus", "Plus or minus\Plus or minus.csproj", "{7E4232D3-14DC-49F7-8465-91B6A4DB7529}"
EndProject
Global
	GlobalSection(SolutionConfigurationPlatforms) = preSolution
		Debug|Any CPU = Debug|Any CPU
		Release|Any CPU = Release|Any CPU
	EndGlobalSection
	GlobalSection(ProjectConfigurationPlatforms) = postSolution
		{7E4232D3-14DC-49F7-8465-91B6A4DB7529}.Debug|Any CPU.ActiveCfg = Debug|Any CPU
		{7E4232D3-14DC-49F7-8465-91B6A4DB7529}.Debug|Any CPU.Build.0 = Debug|Any CPU
		{7E4232D3-14DC-49F7-8465-91B6A4DB7529}.Release|Any CPU.ActiveCfg = Release|Any CPU
		{7E4232D3-14DC-49F7-8465-91B6A4DB7529}.Release|Any CPU.Build.0 = Release|Any CPU
	EndGlobalSection
EndGlobal
